// !$*UTF8*$!
{
	archiveVersion = 1;
	classes = {
	};
	objectVersion = 48;
	objects = {

/* Begin PBXBuildFile section */
		60C724891FE29B4000E73D2F /* AppDelegate.swift in Sources */ = {isa = PBXBuildFile; fileRef = 60C724881FE29B4000E73D2F /* AppDelegate.swift */; };
		60C7248B1FE29B4000E73D2F /* ViewController.swift in Sources */ = {isa = PBXBuildFile; fileRef = 60C7248A1FE29B4000E73D2F /* ViewController.swift */; };
		60C7248E1FE29B4000E73D2F /* Main.storyboard in Resources */ = {isa = PBXBuildFile; fileRef = 60C7248C1FE29B4000E73D2F /* Main.storyboard */; };
		60C724901FE29B4000E73D2F /* Assets.xcassets in Resources */ = {isa = PBXBuildFile; fileRef = 60C7248F1FE29B4000E73D2F /* Assets.xcassets */; };
		60C724931FE29B4000E73D2F /* LaunchScreen.storyboard in Resources */ = {isa = PBXBuildFile; fileRef = 60C724911FE29B4000E73D2F /* LaunchScreen.storyboard */; };
		60C7249B1FE29B5F00E73D2F /* Extensions.swift in Sources */ = {isa = PBXBuildFile; fileRef = 60C7249A1FE29B5F00E73D2F /* Extensions.swift */; };
/* End PBXBuildFile section */

/* Begin PBXFileReference section */
		60C724851FE29B4000E73D2F /* CircularLoader.app */ = {isa = PBXFileReference; explicitFileType = wrapper.application; includeInIndex = 0; path = CircularLoader.app; sourceTree = BUILT_PRODUCTS_DIR; };
		60C724881FE29B4000E73D2F /* AppDelegate.swift */ = {isa = PBXFileReference; lastKnownFileType = sourcecode.swift; path = AppDelegate.swift; sourceTree = "<group>"; };
		60C7248A1FE29B4000E73D2F /* ViewController.swift */ = {isa = PBXFileReference; lastKnownFileType = sourcecode.swift; path = ViewController.swift; sourceTree = "<group>"; };
		60C7248D1FE29B4000E73D2F /* Base */ = {isa = PBXFileReference; lastKnownFileType = file.storyboard; name = Base; path = Base.lproj/Main.storyboard; sourceTree = "<group>"; };
		60C7248F1FE29B4000E73D2F /* Assets.xcassets */ = {isa = PBXFileReference; lastKnownFileType = folder.assetcatalog; path = Assets.xcassets; sourceTree = "<group>"; };
		60C724921FE29B4000E73D2F /* Base */ = {isa = PBXFileReference; lastKnownFileType = file.storyboard; name = Base; path = Base.lproj/LaunchScreen.storyboard; sourceTree = "<group>"; };
		60C724941FE29B4000E73D2F /* Info.plist */ = {isa = PBXFileReference; lastKnownFileType = text.plist.xml; path = Info.plist; sourceTree = "<group>"; };
		60C7249A1FE29B5F00E73D2F /* Extensions.swift */ = {isa = PBXFileReference; lastKnownFileType = sourcecode.swift; path = Extensions.swift; sourceTree = "<group>"; };
/* End PBXFileReference section */

/* Begin PBXFrameworksBuildPhase section */
		60C724821FE29B4000E73D2F /* Frameworks */ = {
			isa = PBXFrameworksBuildPhase;
			buildActionMask = 2147483647;
			files = (
			);
			runOnlyForDeploymentPostprocessing = 0;
		};
/* End PBXFrameworksBuildPhase section */

/* Begin PBXGroup section */
		60C7247C1FE29B4000E73D2F = {
			isa = PBXGroup;
			children = (
				60C724871FE29B4000E73D2F /* CircularLoader */,
				60C724861FE29B4000E73D2F /* Products */,
			);
			sourceTree = "<group>";
		};
		60C724861FE29B4000E73D2F /* Products */ = {
			isa = PBXGroup;
			children = (
				60C724851FE29B4000E73D2F /* CircularLoader.app */,
			);
			name = Products;
			sourceTree = "<group>";
		};
		60C724871FE29B4000E73D2F /* CircularLoader */ = {
			isa = PBXGroup;
			children = (
				60C724881FE29B4000E73D2F /* AppDelegate.swift */,
				60C7248A1FE29B4000E73D2F /* ViewController.swift */,
				60C7248C1FE29B4000E73D2F /* Main.storyboard */,
				60C7248F1FE29B4000E73D2F /* Assets.xcassets */,
				60C724911FE29B4000E73D2F /* LaunchScreen.storyboard */,
				60C724941FE29B4000E73D2F /* Info.plist */,
				60C7249A1FE29B5F00E73D2F /* Extensions.swift */,
			);
			path = CircularLoader;
			sourceTree = "<group>";
		};
/* End PBXGroup section */

/* Begin PBXNativeTarget section */
		60C724841FE29B4000E73D2F /* CircularLoader */ = {
			isa = PBXNativeTarget;
			buildConfigurationList = 60C724971FE29B4000E73D2F /* Build configuration list for PBXNativeTarget "CircularLoader" */;
			buildPhases = (
				60C724811FE29B4000E73D2F /* Sources */,
				60C724821FE29B4000E73D2F /* Frameworks */,
				60C724831FE29B4000E73D2F /* Resources */,
			);
			buildRules = (
			);
			dependencies = (
			);
			name = CircularLoader;
			productName = CircularLoader;
			productReference = 60C724851FE29B4000E73D2F /* CircularLoader.app */;
			productType = "com.apple.product-type.application";
		};
/* End PBXNativeTarget section */

/* Begin PBXProject section */
		60C7247D1FE29B4000E73D2F /* Project object */ = {
			isa = PBXProject;
			attributes = {
				LastSwiftUpdateCheck = 0920;
				LastUpgradeCheck = 0920;
				ORGANIZATIONNAME = "Jakša Tomović";
				TargetAttributes = {
					60C724841FE29B4000E73D2F = {
						CreatedOnToolsVersion = 9.2;
						ProvisioningStyle = Automatic;
					};
				};
			};
			buildConfigurationList = 60C724801FE29B4000E73D2F /* Build configuration list for PBXProject "CircularLoader" */;
			compatibilityVersion = "Xcode 8.0";
			developmentRegion = en;
			hasScannedForEncodings = 0;
			knownRegions = (
				en,
				Base,
			);
			mainGroup = 60C7247C1FE29B4000E73D2F;
			productRefGroup = 60C724861FE29B4000E73D2F /* Products */;
			projectDirPath = "";
			projectRoot = "";
			targets = (
				60C724841FE29B4000E73D2F /* CircularLoader */,
			);
		};
/* End PBXProject section */

/* Begin PBXResourcesBuildPhase section */
		60C724831FE29B4000E73D2F /* Resources */ = {
			isa = PBXResourcesBuildPhase;
			buildActionMask = 2147483647;
			files = (
				60C724931FE29B4000E73D2F /* LaunchScreen.storyboard in Resources */,
				60C724901FE29B4000E73D2F /* Assets.xcassets in Resources */,
				60C7248E1FE29B4000E73D2F /* Main.storyboard in Resources */,
			);
			runOnlyForDeploymentPostprocessing = 0;
		};
/* End PBXResourcesBuildPhase section */

/* Begin PBXSourcesBuildPhase section */
		60C724811FE29B4000E73D2F /* Sources */ = {
			isa = PBXSourcesBuildPhase;
			buildActionMask = 2147483647;
			files = (
				60C7248B1FE29B4000E73D2F /* ViewController.swift in Sources */,
				60C7249B1FE29B5F00E73D2F /* Extensions.swift in Sources */,
				60C724891FE29B4000E73D2F /* AppDelegate.swift in Sources */,
			);
			runOnlyForDeploymentPostprocessing = 0;
		};
/* End PBXSourcesBuildPhase section */

/* Begin PBXVariantGroup section */
		60C7248C1FE29B4000E73D2F /* Main.storyboard */ = {
			isa = PBXVariantGroup;
			children = (
				60C7248D1FE29B4000E73D2F /* Base */,
			);
			name = Main.storyboard;
			sourceTree = "<group>";
		};
		60C724911FE29B4000E73D2F /* LaunchScreen.storyboard */ = {
			isa = PBXVariantGroup;
			children = (
				60C724921FE29B4000E73D2F /* Base */,
			);
			name = LaunchScreen.storyboard;
			sourceTree = "<group>";
		};
/* End PBXVariantGroup section */

/* Begin XCBuildConfiguration section */
		60C724951FE29B4000E73D2F /* Debug */ = {
			isa = XCBuildConfiguration;
			buildSettings = {
				ALWAYS_SEARCH_USER_PATHS = NO;
				CLANG_ANALYZER_NONNULL = YES;
				CLANG_ANALYZER_NUMBER_OBJECT_CONVERSION = YES_AGGRESSIVE;
				CLANG_CXX_LANGUAGE_STANDARD = "gnu++14";
				CLANG_CXX_LIBRARY = "libc++";
				CLANG_ENABLE_MODULES = YES;
				CLANG_ENABLE_OBJC_ARC = YES;
				CLANG_WARN_BLOCK_CAPTURE_AUTORELEASING = YES;
				CLANG_WARN_BOOL_CONVERSION = YES;
				CLANG_WARN_COMMA = YES;
				CLANG_WARN_CONSTANT_CONVERSION = YES;
				CLANG_WARN_DIRECT_OBJC_ISA_USAGE = YES_ERROR;
				CLANG_WARN_DOCUMENTATION_COMMENTS = YES;
				CLANG_WARN_EMPTY_BODY = YES;
				CLANG_WARN_ENUM_CONVERSION = YES;
				CLANG_WARN_INFINITE_RECURSION = YES;
				CLANG_WARN_INT_CONVERSION = YES;
				CLANG_WARN_NON_LITERAL_NULL_CONVERSION = YES;
				CLANG_WARN_OBJC_LITERAL_CONVERSION = YES;
				CLANG_WARN_OBJC_ROOT_CLASS = YES_ERROR;
				CLANG_WARN_RANGE_LOOP_ANALYSIS = YES;
				CLANG_WARN_STRICT_PROTOTYPES = YES;
				CLANG_WARN_SUSPICIOUS_MOVE = YES;
				CLANG_WARN_UNGUARDED_AVAILABILITY = YES_AGGRESSIVE;
				CLANG_WARN_UNREACHABLE_CODE = YES;
				CLANG_WARN__DUPLICATE_METHOD_MATCH = YES;
				CODE_SIGN_IDENTITY = "iPhone Developer";
				COPY_PHASE_STRIP = NO;
				DEBUG_INFORMATION_FORMAT = dwarf;
				ENABLE_STRICT_OBJC_MSGSEND = YES;
				ENABLE_TESTABILITY = YES;
				GCC_C_LANGUAGE_STANDARD = gnu11;
				GCC_DYNAMIC_NO_PIC = NO;
				GCC_NO_COMMON_BLOCKS = YES;
				GCC_OPTIMIZATION_LEVEL = 0;
				GCC_PREPROCESSOR_DEFINITIONS = (
					"DEBUG=1",
					"$(inherited)",
				);
				GCC_WARN_64_TO_32_BIT_CONVERSION = YES;
				GCC_WARN_ABOUT_RETURN_TYPE = YES_ERROR;
				GCC_WARN_UNDECLARED_SELECTOR = YES;
				GCC_WARN_UNINITIALIZED_AUTOS = YES_AGGRESSIVE;
				GCC_WARN_UNUSED_FUNCTION = YES;
				GCC_WARN_UNUSED_VARIABLE = YES;
				IPHONEOS_DEPLOYMENT_TARGET = 11.2;
				MTL_ENABLE_DEBUG_INFO = YES;
				ONLY_ACTIVE_ARCH = YES;
				SDKROOT = iphoneos;
				SWIFT_ACTIVE_COMPILATION_CONDITIONS = DEBUG;
				SWIFT_OPTIMIZATION_LEVEL = "-Onone";
			};
			name = Debug;
		};
		60C724961FE29B4000E73D2F /* Release */ = {
			isa = XCBuildConfiguration;
			buildSettings = {
				ALWAYS_SEARCH_USER_PATHS = NO;
				CLANG_ANALYZER_NONNULL = YES;
				CLANG_ANALYZER_NUMBER_OBJECT_CONVERSION = YES_AGGRESSIVE;
				CLANG_CXX_LANGUAGE_STANDARD = "gnu++14";
				CLANG_CXX_LIBRARY = "libc++";
				CLANG_ENABLE_MODULES = YES;
				CLANG_ENABLE_OBJC_ARC = YES;
				CLANG_WARN_BLOCK_CAPTURE_AUTORELEASING = YES;
				CLANG_WARN_BOOL_CONVERSION = YES;
				CLANG_WARN_COMMA = YES;
				CLANG_WARN_CONSTANT_CONVERSION = YES;
				CLANG_WARN_DIRECT_OBJC_ISA_USAGE = YES_ERROR;
				CLANG_WARN_DOCUMENTATION_COMMENTS = YES;
				CLANG_WARN_EMPTY_BODY = YES;
				CLANG_WARN_ENUM_CONVERSION = YES;
				CLANG_WARN_INFINITE_RECURSION = YES;
				CLANG_WARN_INT_CONVERSION = YES;
				CLANG_WARN_NON_LITERAL_NULL_CONVERSION = YES;
				CLANG_WARN_OBJC_LITERAL_CONVERSION = YES;
				CLANG_WARN_OBJC_ROOT_CLASS = YES_ERROR;
				CLANG_WARN_RANGE_LOOP_ANALYSIS = YES;
				CLANG_WARN_STRICT_PROTOTYPES = YES;
				CLANG_WARN_SUSPICIOUS_MOVE = YES;
				CLANG_WARN_UNGUARDED_AVAILABILITY = YES_AGGRESSIVE;
				CLANG_WARN_UNREACHABLE_CODE = YES;
				CLANG_WARN__DUPLICATE_METHOD_MATCH = YES;
				CODE_SIGN_IDENTITY = "iPhone Developer";
				COPY_PHASE_STRIP = NO;
				DEBUG_INFORMATION_FORMAT = "dwarf-with-dsym";
				ENABLE_NS_ASSERTIONS = NO;
				ENABLE_STRICT_OBJC_MSGSEND = YES;
				GCC_C_LANGUAGE_STANDARD = gnu11;
				GCC_NO_COMMON_BLOCKS = YES;
				GCC_WARN_64_TO_32_BIT_CONVERSION = YES;
				GCC_WARN_ABOUT_RETURN_TYPE = YES_ERROR;
				GCC_WARN_UNDECLARED_SELECTOR = YES;
				GCC_WARN_UNINITIALIZED_AUTOS = YES_AGGRESSIVE;
				GCC_WARN_UNUSED_FUNCTION = YES;
				GCC_WARN_UNUSED_VARIABLE = YES;
				IPHONEOS_DEPLOYMENT_TARGET = 11.2;
				MTL_ENABLE_DEBUG_INFO = NO;
				SDKROOT = iphoneos;
				SWIFT_OPTIMIZATION_LEVEL = "-Owholemodule";
				VALIDATE_PRODUCT = YES;
			};
			name = Release;
		};
		60C724981FE29B4000E73D2F /* Debug */ = {
			isa = XCBuildConfiguration;
			buildSettings = {
				ASSETCATALOG_COMPILER_APPICON_NAME = AppIcon;
				CODE_SIGN_STYLE = Automatic;
				INFOPLIST_FILE = CircularLoader/Info.plist;
				LD_RUNPATH_SEARCH_PATHS = "$(inherited) @executable_path/Frameworks";
				PRODUCT_BUNDLE_IDENTIFIER = "tk.tomovic-jaksa.CircularLoader";
				PRODUCT_NAME = "$(TARGET_NAME)";
				SWIFT_VERSION = 4.0;
				TARGETED_DEVICE_FAMILY = "1,2";
			};
			name = Debug;
		};
		60C724991FE29B4000E73D2F /* Release */ = {
			isa = XCBuildConfiguration;
			buildSettings = {
				ASSETCATALOG_COMPILER_APPICON_NAME = AppIcon;
				CODE_SIGN_STYLE = Automatic;
				INFOPLIST_FILE = CircularLoader/Info.plist;
				LD_RUNPATH_SEARCH_PATHS = "$(inherited) @executable_path/Frameworks";
				PRODUCT_BUNDLE_IDENTIFIER = "tk.tomovic-jaksa.CircularLoader";
				PRODUCT_NAME = "$(TARGET_NAME)";
				SWIFT_VERSION = 4.0;
				TARGETED_DEVICE_FAMILY = "1,2";
			};
			name = Release;
		};
/* End XCBuildConfiguration section */

/* Begin XCConfigurationList section */
		60C724801FE29B4000E73D2F /* Build configuration list for PBXProject "CircularLoader" */ = {
			isa = XCConfigurationList;
			buildConfigurations = (
				60C724951FE29B4000E73D2F /* Debug */,
				60C724961FE29B4000E73D2F /* Release */,
			);
			defaultConfigurationIsVisible = 0;
			defaultConfigurationName = Release;
		};
		60C724971FE29B4000E73D2F /* Build configuration list for PBXNativeTarget "CircularLoader" */ = {
			isa = XCConfigurationList;
			buildConfigurations = (
				60C724981FE29B4000E73D2F /* Debug */,
				60C724991FE29B4000E73D2F /* Release */,
			);
			defaultConfigurationIsVisible = 0;
			defaultConfigurationName = Release;
		};
/* End XCConfigurationList section */
	};
	rootObject = 60C7247D1FE29B4000E73D2F /* Project object */;
}
